
Microsoft Visual Studio Solution File, Format Version 11.00
# Visual Studio 2010
Project("{FAE04EC0-301F-11D3-BF4B-00C04F79EFBC}") = "Assembly-CSharp", "Assembly-CSharp.csproj", "{fe76d200-8924-2eb8-7785-3fe944399b96}"
EndProject
Project("{FAE04EC0-301F-11D3-BF4B-00C04F79EFBC}") = "Assembly-CSharp-Editor", "Assembly-CSharp-Editor.csproj", "{8299641e-5094-d906-1bf7-00decf7f5325}"
EndProject
Global
	GlobalSection(SolutionConfigurationPlatforms) = preSolution
		Debug|Any CPU = Debug|Any CPU
	EndGlobalSection
	GlobalSection(ProjectConfigurationPlatforms) = postSolution
		{fe76d200-8924-2eb8-7785-3fe944399b96}.Debug|Any CPU.ActiveCfg = Debug|Any CPU
		{fe76d200-8924-2eb8-7785-3fe944399b96}.Debug|Any CPU.Build.0 = Debug|Any CPU
		{8299641e-5094-d906-1bf7-00decf7f5325}.Debug|Any CPU.ActiveCfg = Debug|Any CPU
		{8299641e-5094-d906-1bf7-00decf7f5325}.Debug|Any CPU.Build.0 = Debug|Any CPU
	EndGlobalSection
	GlobalSection(SolutionProperties) = preSolution
		HideSolutionNode = FALSE
	EndGlobalSection
EndGlobal
